
Microsoft Visual Studio Solution File, Format Version 12.00
# Visual Studio 15
VisualStudioVersion = 15.0.26730.15
MinimumVisualStudioVersion = 10.0.40219.1
Project("{888888A0-9F3D-457C-B088-3A5042F75D52}") = "Python_project", "Python_project\Python_project.pyproj", "{D0293110-9034-4D42-92FC-BCF13361CD72}"
EndProject
Global
	GlobalSection(SolutionConfigurationPlatforms) = preSolution
		Debug|Any CPU = Debug|Any CPU
		Release|Any CPU = Release|Any CPU
	EndGlobalSection
	GlobalSection(ProjectConfigurationPlatforms) = postSolution
		{D0293110-9034-4D42-92FC-BCF13361CD72}.Debug|Any CPU.ActiveCfg = Debug|Any CPU
		{D0293110-9034-4D42-92FC-BCF13361CD72}.Release|Any CPU.ActiveCfg = Release|Any CPU
	EndGlobalSection
	GlobalSection(SolutionProperties) = preSolution
		HideSolutionNode = FALSE
	EndGlobalSection
	GlobalSection(ExtensibilityGlobals) = postSolution
		SolutionGuid = {20D0FF67-3800-409B-8834-D37F53048D58}
	EndGlobalSection
EndGlobal
